PODS:
  - SASession (1.1.1):
    - SAUtils (= 1.5.5)
  - SAUtils (1.5.5)

DEPENDENCIES:
  - SASession (from `../`)

SPEC REPOS:
  https://github.com/CocoaPods/Specs.git:
    - SAUtils

EXTERNAL SOURCES:
  SASession:
    :path: "../"

SPEC CHECKSUMS:
  SASession: 393ab4abbbddaa5a2d8d21bf10bb06e3f533997d
  SAUtils: 95e06baec2636bfe494d9f8a43ec4def6fb28229

PODFILE CHECKSUM: 9755530b22c9dc48a74d057359843e255e747590

COCOAPODS: 1.5.0
