PODS:
  - SASession (0.3.5):
    - SAUtils (= 1.5.2)
  - SAUtils (1.5.2)

DEPENDENCIES:
  - SASession (from `../`)

EXTERNAL SOURCES:
  SASession:
    :path: ../

SPEC CHECKSUMS:
  SASession: 01ca5101b95f3a9a1bc6f34462a4ff2e9831a9a2
  SAUtils: c0d6c68af97b4fdc18a1dcc613f9b5cde25b78f8

PODFILE CHECKSUM: dcf96e4aa66583dca1b18bc027521c9f3ce54474

COCOAPODS: 1.2.1
