PODS:
  - SASession (0.3.3):
    - SAUtils (= 1.5.0)
  - SAUtils (1.5.0)

DEPENDENCIES:
  - SASession (from `../`)

EXTERNAL SOURCES:
  SASession:
    :path: ../

SPEC CHECKSUMS:
  SASession: 21fa626c9f6b2979291e3fe446cfdaeb38d5297f
  SAUtils: 1e8b881ca8c7fac2749c8fd9b851f0b344611035

PODFILE CHECKSUM: dcf96e4aa66583dca1b18bc027521c9f3ce54474

COCOAPODS: 1.2.0.beta.1
